
Microsoft Visual Studio Solution File, Format Version 12.00
# Visual Studio Version 17
VisualStudioVersion = 17.10.35013.160
MinimumVisualStudioVersion = 10.0.40219.1
Project("{FAE04EC0-301F-11D3-BF4B-00C04F79EFBC}") = "TDMSEquipment", "TDMSEquipment\TDMSEquipment.csproj", "{637DB2C1-E523-4D0B-B23B-0C38C6D410C5}"
EndProject
Global
	GlobalSection(SolutionConfigurationPlatforms) = preSolution
		Debug|Any CPU = Debug|Any CPU
		Release|Any CPU = Release|Any CPU
	EndGlobalSection
	GlobalSection(ProjectConfigurationPlatforms) = postSolution
		{637DB2C1-E523-4D0B-B23B-0C38C6D410C5}.Debug|Any CPU.ActiveCfg = Debug|Any CPU
		{637DB2C1-E523-4D0B-B23B-0C38C6D410C5}.Debug|Any CPU.Build.0 = Debug|Any CPU
		{637DB2C1-E523-4D0B-B23B-0C38C6D410C5}.Release|Any CPU.ActiveCfg = Release|Any CPU
		{637DB2C1-E523-4D0B-B23B-0C38C6D410C5}.Release|Any CPU.Build.0 = Release|Any CPU
	EndGlobalSection
	GlobalSection(SolutionProperties) = preSolution
		HideSolutionNode = FALSE
	EndGlobalSection
	GlobalSection(ExtensibilityGlobals) = postSolution
		SolutionGuid = {14DE340C-D10D-4162-B7AC-B7E323825692}
	EndGlobalSection
EndGlobal
